
Microsoft Visual Studio Solution File, Format Version 12.00
# Visual Studio 14
VisualStudioVersion = 14.0.24720.0
MinimumVisualStudioVersion = 10.0.40219.1
Project("{FAE04EC0-301F-11D3-BF4B-00C04F79EFBC}") = "CCC_Linz16", "CCC_Linz16\CCC_Linz16.csproj", "{46C692FF-97E8-4A3C-8B68-929F27E59ABF}"
EndProject
Project("{FAE04EC0-301F-11D3-BF4B-00C04F79EFBC}") = "BlueLib_40", "..\..\..\Common\Workspace\Visual Studio\BlueLib\BlueLib_40\BlueLib_40.csproj", "{93A331EE-A26D-4B0D-9CE1-871A26A9FBF4}"
EndProject
Global
	GlobalSection(SolutionConfigurationPlatforms) = preSolution
		Debug|Any CPU = Debug|Any CPU
		Release|Any CPU = Release|Any CPU
	EndGlobalSection
	GlobalSection(ProjectConfigurationPlatforms) = postSolution
		{46C692FF-97E8-4A3C-8B68-929F27E59ABF}.Debug|Any CPU.ActiveCfg = Debug|Any CPU
		{46C692FF-97E8-4A3C-8B68-929F27E59ABF}.Debug|Any CPU.Build.0 = Debug|Any CPU
		{46C692FF-97E8-4A3C-8B68-929F27E59ABF}.Release|Any CPU.ActiveCfg = Release|Any CPU
		{46C692FF-97E8-4A3C-8B68-929F27E59ABF}.Release|Any CPU.Build.0 = Release|Any CPU
		{93A331EE-A26D-4B0D-9CE1-871A26A9FBF4}.Debug|Any CPU.ActiveCfg = Debug|Any CPU
		{93A331EE-A26D-4B0D-9CE1-871A26A9FBF4}.Debug|Any CPU.Build.0 = Debug|Any CPU
		{93A331EE-A26D-4B0D-9CE1-871A26A9FBF4}.Release|Any CPU.ActiveCfg = Release|Any CPU
		{93A331EE-A26D-4B0D-9CE1-871A26A9FBF4}.Release|Any CPU.Build.0 = Release|Any CPU
	EndGlobalSection
	GlobalSection(SolutionProperties) = preSolution
		HideSolutionNode = FALSE
	EndGlobalSection
EndGlobal
